
Microsoft Visual Studio Solution File, Format Version 12.00
# Visual Studio Version 17
VisualStudioVersion = 17.1.31903.286
MinimumVisualStudioVersion = 10.0.40219.1
Project("{9A19103F-16F7-4668-BE54-9A1E7A4F7556}") = "Grover.Base", "Grover.Base\Grover.Base.csproj", "{3A63FD74-E7A4-481C-8A2A-72D4081CC1E0}"
EndProject
Project("{9A19103F-16F7-4668-BE54-9A1E7A4F7556}") = "VeriSol", "..\ext\verisol\Sources\VeriSol\VeriSol.csproj", "{C5DD44C1-C210-470E-AABE-81CB561A7200}"
EndProject
Project("{2150E333-8FDC-42A3-9474-1A3956D46DE8}") = "External", "External", "{C8675840-907B-418A-87BA-22E2F914319C}"
EndProject
Project("{2150E333-8FDC-42A3-9474-1A3956D46DE8}") = "verisol", "verisol", "{6C9E8FF5-3FAB-4F8A-97EF-51303A914B51}"
EndProject
Project("{9A19103F-16F7-4668-BE54-9A1E7A4F7556}") = "BoogieAST", "..\ext\verisol\Sources\BoogieAST\BoogieAST.csproj", "{3E188809-D664-4588-A614-E2744258FB46}"
EndProject
Project("{9A19103F-16F7-4668-BE54-9A1E7A4F7556}") = "SolidityAST", "..\ext\verisol\Sources\SolidityAST\SolidityAST.csproj", "{774A357C-2E0C-4307-9609-103151483EEF}"
EndProject
Project("{9A19103F-16F7-4668-BE54-9A1E7A4F7556}") = "SolToBoogie", "..\ext\verisol\Sources\SolToBoogie\SolToBoogie.csproj", "{D63D579B-9215-4C5B-97DA-C238A9882A52}"
EndProject
Project("{9A19103F-16F7-4668-BE54-9A1E7A4F7556}") = "ExternalToolsManager", "..\ext\verisol\Sources\ExternalToolsManager\ExternalToolsManager.csproj", "{B1EA1E7A-95B8-4CFA-9DFC-21DF5DB9E6D2}"
EndProject
Global
	GlobalSection(SolutionConfigurationPlatforms) = preSolution
		Debug|Any CPU = Debug|Any CPU
		Release|Any CPU = Release|Any CPU
	EndGlobalSection
	GlobalSection(ProjectConfigurationPlatforms) = postSolution
		{3A63FD74-E7A4-481C-8A2A-72D4081CC1E0}.Debug|Any CPU.ActiveCfg = Debug|Any CPU
		{3A63FD74-E7A4-481C-8A2A-72D4081CC1E0}.Debug|Any CPU.Build.0 = Debug|Any CPU
		{3A63FD74-E7A4-481C-8A2A-72D4081CC1E0}.Release|Any CPU.ActiveCfg = Release|Any CPU
		{3A63FD74-E7A4-481C-8A2A-72D4081CC1E0}.Release|Any CPU.Build.0 = Release|Any CPU
		{C5DD44C1-C210-470E-AABE-81CB561A7200}.Debug|Any CPU.ActiveCfg = Debug|Any CPU
		{C5DD44C1-C210-470E-AABE-81CB561A7200}.Debug|Any CPU.Build.0 = Debug|Any CPU
		{C5DD44C1-C210-470E-AABE-81CB561A7200}.Release|Any CPU.ActiveCfg = Release|Any CPU
		{C5DD44C1-C210-470E-AABE-81CB561A7200}.Release|Any CPU.Build.0 = Release|Any CPU
		{3E188809-D664-4588-A614-E2744258FB46}.Debug|Any CPU.ActiveCfg = Debug|Any CPU
		{3E188809-D664-4588-A614-E2744258FB46}.Debug|Any CPU.Build.0 = Debug|Any CPU
		{3E188809-D664-4588-A614-E2744258FB46}.Release|Any CPU.ActiveCfg = Release|Any CPU
		{3E188809-D664-4588-A614-E2744258FB46}.Release|Any CPU.Build.0 = Release|Any CPU
		{774A357C-2E0C-4307-9609-103151483EEF}.Debug|Any CPU.ActiveCfg = Debug|Any CPU
		{774A357C-2E0C-4307-9609-103151483EEF}.Debug|Any CPU.Build.0 = Debug|Any CPU
		{774A357C-2E0C-4307-9609-103151483EEF}.Release|Any CPU.ActiveCfg = Release|Any CPU
		{774A357C-2E0C-4307-9609-103151483EEF}.Release|Any CPU.Build.0 = Release|Any CPU
		{D63D579B-9215-4C5B-97DA-C238A9882A52}.Debug|Any CPU.ActiveCfg = Debug|Any CPU
		{D63D579B-9215-4C5B-97DA-C238A9882A52}.Debug|Any CPU.Build.0 = Debug|Any CPU
		{D63D579B-9215-4C5B-97DA-C238A9882A52}.Release|Any CPU.ActiveCfg = Release|Any CPU
		{D63D579B-9215-4C5B-97DA-C238A9882A52}.Release|Any CPU.Build.0 = Release|Any CPU
		{B1EA1E7A-95B8-4CFA-9DFC-21DF5DB9E6D2}.Debug|Any CPU.ActiveCfg = Debug|Any CPU
		{B1EA1E7A-95B8-4CFA-9DFC-21DF5DB9E6D2}.Debug|Any CPU.Build.0 = Debug|Any CPU
		{B1EA1E7A-95B8-4CFA-9DFC-21DF5DB9E6D2}.Release|Any CPU.ActiveCfg = Release|Any CPU
		{B1EA1E7A-95B8-4CFA-9DFC-21DF5DB9E6D2}.Release|Any CPU.Build.0 = Release|Any CPU
	EndGlobalSection
	GlobalSection(SolutionProperties) = preSolution
		HideSolutionNode = FALSE
	EndGlobalSection
	GlobalSection(NestedProjects) = preSolution
		{C5DD44C1-C210-470E-AABE-81CB561A7200} = {6C9E8FF5-3FAB-4F8A-97EF-51303A914B51}
		{6C9E8FF5-3FAB-4F8A-97EF-51303A914B51} = {C8675840-907B-418A-87BA-22E2F914319C}
		{3E188809-D664-4588-A614-E2744258FB46} = {6C9E8FF5-3FAB-4F8A-97EF-51303A914B51}
		{774A357C-2E0C-4307-9609-103151483EEF} = {6C9E8FF5-3FAB-4F8A-97EF-51303A914B51}
		{D63D579B-9215-4C5B-97DA-C238A9882A52} = {6C9E8FF5-3FAB-4F8A-97EF-51303A914B51}
		{B1EA1E7A-95B8-4CFA-9DFC-21DF5DB9E6D2} = {6C9E8FF5-3FAB-4F8A-97EF-51303A914B51}
	EndGlobalSection
	GlobalSection(ExtensibilityGlobals) = postSolution
		SolutionGuid = {5BC8778B-1E8B-47E2-8EAA-BF9215E5F25C}
	EndGlobalSection
EndGlobal
