
Microsoft Visual Studio Solution File, Format Version 12.00
# Visual Studio Version 17
VisualStudioVersion = 17.1.31903.286
MinimumVisualStudioVersion = 10.0.40219.1
Project("{9A19103F-16F7-4668-BE54-9A1E7A4F7556}") = "Grover.Base", "Grover.Base\Grover.Base.csproj", "{3A63FD74-E7A4-481C-8A2A-72D4081CC1E0}"
EndProject
Project("{9A19103F-16F7-4668-BE54-9A1E7A4F7556}") = "VeriSol", "..\ext\verisol\Sources\VeriSol\VeriSol.csproj", "{C5DD44C1-C210-470E-AABE-81CB561A7200}"
EndProject
Project("{2150E333-8FDC-42A3-9474-1A3956D46DE8}") = "External", "External", "{C8675840-907B-418A-87BA-22E2F914319C}"
EndProject
Project("{2150E333-8FDC-42A3-9474-1A3956D46DE8}") = "verisol", "verisol", "{6C9E8FF5-3FAB-4F8A-97EF-51303A914B51}"
EndProject
Project("{9A19103F-16F7-4668-BE54-9A1E7A4F7556}") = "BoogieAST", "..\ext\verisol\Sources\BoogieAST\BoogieAST.csproj", "{3E188809-D664-4588-A614-E2744258FB46}"
EndProject
Project("{9A19103F-16F7-4668-BE54-9A1E7A4F7556}") = "SolidityAST", "..\ext\verisol\Sources\SolidityAST\SolidityAST.csproj", "{774A357C-2E0C-4307-9609-103151483EEF}"
EndProject
Project("{9A19103F-16F7-4668-BE54-9A1E7A4F7556}") = "SolToBoogie", "..\ext\verisol\Sources\SolToBoogie\SolToBoogie.csproj", "{D63D579B-9215-4C5B-97DA-C238A9882A52}"
EndProject
Project("{9A19103F-16F7-4668-BE54-9A1E7A4F7556}") = "ExternalToolsManager", "..\ext\verisol\Sources\ExternalToolsManager\ExternalToolsManager.csproj", "{B1EA1E7A-95B8-4CFA-9DFC-21DF5DB9E6D2}"
EndProject
Project("{2150E333-8FDC-42A3-9474-1A3956D46DE8}") = "corral", "corral", "{5F860DA8-45AF-4957-A0D6-529E3DE22005}"
EndProject
Project("{9A19103F-16F7-4668-BE54-9A1E7A4F7556}") = "Corral", "..\ext\corral\source\Corral\Corral.csproj", "{11BD54AC-CAC5-4D0C-A86F-B54CAC341982}"
EndProject
Project("{9A19103F-16F7-4668-BE54-9A1E7A4F7556}") = "CoreLib", "..\ext\corral\source\CoreLib\CoreLib.csproj", "{69A1DC29-9AF5-47FF-A8D2-0B78F9A7B7D1}"
EndProject
Project("{9A19103F-16F7-4668-BE54-9A1E7A4F7556}") = "CorralUtil", "..\ext\corral\source\Util\CorralUtil.csproj", "{8A68E09C-B9F4-420D-9420-69DBBC8E655A}"
EndProject
Project("{9A19103F-16F7-4668-BE54-9A1E7A4F7556}") = "ExplainError", "..\ext\corral\source\ExplainError\ExplainError.csproj", "{B99DA2B7-869D-4EC3-9A63-297E0DDCCA50}"
EndProject
Project("{9A19103F-16F7-4668-BE54-9A1E7A4F7556}") = "ProgTransformation", "..\ext\corral\source\ProgTransformation\ProgTransformation.csproj", "{EE56FC5E-0FBB-48D1-A796-C5D333CB0893}"
EndProject
Project("{9A19103F-16F7-4668-BE54-9A1E7A4F7556}") = "Grover.CLI", "Grover.CLI\Grover.CLI.csproj", "{6F7D65B9-62FB-40F9-A217-433F16916322}"
EndProject
Project("{2150E333-8FDC-42A3-9474-1A3956D46DE8}") = "Scripts", "Scripts", "{F386F580-9013-4DE8-BFCF-6C93C402834A}"
	ProjectSection(SolutionItems) = preProject
		..\build = ..\build
		..\build.cmd = ..\build.cmd
		..\grover = ..\grover
		..\grover.cmd = ..\grover.cmd
	EndProjectSection
EndProject
Project("{9A19103F-16F7-4668-BE54-9A1E7A4F7556}") = "Grover.Core", "Grover.Core\Grover.Core.csproj", "{8FE6E306-EF67-473C-B0D0-23545B50351A}"
EndProject
Project("{9A19103F-16F7-4668-BE54-9A1E7A4F7556}") = "ByteCodeTranslator.NET6", "..\ext\bytecodetranslator\BytecodeTranslator\ByteCodeTranslator.NET6.csproj", "{9AFB28F3-0D4B-4C89-94E5-3C1113BB6279}"
EndProject
Project("{2150E333-8FDC-42A3-9474-1A3956D46DE8}") = "bct", "bct", "{E061F8AE-F059-4FBB-A958-43CF611DC0CD}"
EndProject
Project("{9A19103F-16F7-4668-BE54-9A1E7A4F7556}") = "Microsoft.Cci.NET6", "..\ext\cci-bct\NET6\Microsoft.Cci\Microsoft.Cci.NET6.csproj", "{89452701-D390-4932-91E9-489EBB33C1D1}"
EndProject
Project("{9A19103F-16F7-4668-BE54-9A1E7A4F7556}") = "Microsoft.DiaSymReader.Converter", "..\ext\cci-bct\NET6\ext\symreader-converter\src\Microsoft.DiaSymReader.Converter\Microsoft.DiaSymReader.Converter.csproj", "{9C81B22B-FE6F-4A89-8FB9-D94B5AC4490D}"
EndProject
Project("{2150E333-8FDC-42A3-9474-1A3956D46DE8}") = "TestProjects", "TestProjects", "{F6125108-A3CE-4477-B892-764E81964E92}"
EndProject
Project("{9A19103F-16F7-4668-BE54-9A1E7A4F7556}") = "BctCleanup", "..\ext\corral\source\BctCleanup\BctCleanup.csproj", "{1F432FB9-FB8A-40AE-8E6C-C589E181DC58}"
EndProject
Project("{9A19103F-16F7-4668-BE54-9A1E7A4F7556}") = "Grover.TestProject1", "..\tests\TestProjects\Grover.TestProject1\Grover.TestProject1.csproj", "{4DF7B82C-31D4-44E3-8485-CD68794E9336}"
EndProject
Project("{9A19103F-16F7-4668-BE54-9A1E7A4F7556}") = "CirrusAPITestContract", "..\ext\tests\CirrusAPITestContract\CirrusAPITestContract.csproj", "{FAE9BDC9-A96A-489D-818E-0BA1F1071F73}"
EndProject
Project("{FAE04EC0-301F-11D3-BF4B-00C04F79EFBC}") = "Grover.Metadata", "Grover.Metadata\Grover.Metadata.csproj", "{0251FE55-80DD-47C5-88DD-055E8C6BAFDC}"
EndProject
Project("{2150E333-8FDC-42A3-9474-1A3956D46DE8}") = "nuclear", "nuclear", "{4C317B71-2F9C-4118-908F-88F84DD35FEF}"
EndProject
Project("{9A19103F-16F7-4668-BE54-9A1E7A4F7556}") = "Nuclear.Assemblies", "..\ext\Nuclear.Assemblies\Nuclear.Assemblies.csproj", "{D340A1C8-D5CD-4057-AF73-0C9AA7C2B0A6}"
EndProject
Global
	GlobalSection(SolutionConfigurationPlatforms) = preSolution
		Debug|Any CPU = Debug|Any CPU
		DebugCommandLine|Any CPU = DebugCommandLine|Any CPU
		Release|Any CPU = Release|Any CPU
	EndGlobalSection
	GlobalSection(ProjectConfigurationPlatforms) = postSolution
		{3A63FD74-E7A4-481C-8A2A-72D4081CC1E0}.Debug|Any CPU.ActiveCfg = Debug|Any CPU
		{3A63FD74-E7A4-481C-8A2A-72D4081CC1E0}.Debug|Any CPU.Build.0 = Debug|Any CPU
		{3A63FD74-E7A4-481C-8A2A-72D4081CC1E0}.DebugCommandLine|Any CPU.ActiveCfg = Debug|Any CPU
		{3A63FD74-E7A4-481C-8A2A-72D4081CC1E0}.DebugCommandLine|Any CPU.Build.0 = Debug|Any CPU
		{3A63FD74-E7A4-481C-8A2A-72D4081CC1E0}.Release|Any CPU.ActiveCfg = Release|Any CPU
		{3A63FD74-E7A4-481C-8A2A-72D4081CC1E0}.Release|Any CPU.Build.0 = Release|Any CPU
		{C5DD44C1-C210-470E-AABE-81CB561A7200}.Debug|Any CPU.ActiveCfg = Debug|Any CPU
		{C5DD44C1-C210-470E-AABE-81CB561A7200}.Debug|Any CPU.Build.0 = Debug|Any CPU
		{C5DD44C1-C210-470E-AABE-81CB561A7200}.DebugCommandLine|Any CPU.ActiveCfg = Debug|Any CPU
		{C5DD44C1-C210-470E-AABE-81CB561A7200}.DebugCommandLine|Any CPU.Build.0 = Debug|Any CPU
		{C5DD44C1-C210-470E-AABE-81CB561A7200}.Release|Any CPU.ActiveCfg = Release|Any CPU
		{C5DD44C1-C210-470E-AABE-81CB561A7200}.Release|Any CPU.Build.0 = Release|Any CPU
		{3E188809-D664-4588-A614-E2744258FB46}.Debug|Any CPU.ActiveCfg = Debug|Any CPU
		{3E188809-D664-4588-A614-E2744258FB46}.Debug|Any CPU.Build.0 = Debug|Any CPU
		{3E188809-D664-4588-A614-E2744258FB46}.DebugCommandLine|Any CPU.ActiveCfg = Debug|Any CPU
		{3E188809-D664-4588-A614-E2744258FB46}.DebugCommandLine|Any CPU.Build.0 = Debug|Any CPU
		{3E188809-D664-4588-A614-E2744258FB46}.Release|Any CPU.ActiveCfg = Release|Any CPU
		{3E188809-D664-4588-A614-E2744258FB46}.Release|Any CPU.Build.0 = Release|Any CPU
		{774A357C-2E0C-4307-9609-103151483EEF}.Debug|Any CPU.ActiveCfg = Debug|Any CPU
		{774A357C-2E0C-4307-9609-103151483EEF}.Debug|Any CPU.Build.0 = Debug|Any CPU
		{774A357C-2E0C-4307-9609-103151483EEF}.DebugCommandLine|Any CPU.ActiveCfg = Debug|Any CPU
		{774A357C-2E0C-4307-9609-103151483EEF}.DebugCommandLine|Any CPU.Build.0 = Debug|Any CPU
		{774A357C-2E0C-4307-9609-103151483EEF}.Release|Any CPU.ActiveCfg = Release|Any CPU
		{774A357C-2E0C-4307-9609-103151483EEF}.Release|Any CPU.Build.0 = Release|Any CPU
		{D63D579B-9215-4C5B-97DA-C238A9882A52}.Debug|Any CPU.ActiveCfg = Debug|Any CPU
		{D63D579B-9215-4C5B-97DA-C238A9882A52}.Debug|Any CPU.Build.0 = Debug|Any CPU
		{D63D579B-9215-4C5B-97DA-C238A9882A52}.DebugCommandLine|Any CPU.ActiveCfg = Debug|Any CPU
		{D63D579B-9215-4C5B-97DA-C238A9882A52}.DebugCommandLine|Any CPU.Build.0 = Debug|Any CPU
		{D63D579B-9215-4C5B-97DA-C238A9882A52}.Release|Any CPU.ActiveCfg = Release|Any CPU
		{D63D579B-9215-4C5B-97DA-C238A9882A52}.Release|Any CPU.Build.0 = Release|Any CPU
		{B1EA1E7A-95B8-4CFA-9DFC-21DF5DB9E6D2}.Debug|Any CPU.ActiveCfg = Debug|Any CPU
		{B1EA1E7A-95B8-4CFA-9DFC-21DF5DB9E6D2}.Debug|Any CPU.Build.0 = Debug|Any CPU
		{B1EA1E7A-95B8-4CFA-9DFC-21DF5DB9E6D2}.DebugCommandLine|Any CPU.ActiveCfg = Debug|Any CPU
		{B1EA1E7A-95B8-4CFA-9DFC-21DF5DB9E6D2}.DebugCommandLine|Any CPU.Build.0 = Debug|Any CPU
		{B1EA1E7A-95B8-4CFA-9DFC-21DF5DB9E6D2}.Release|Any CPU.ActiveCfg = Release|Any CPU
		{B1EA1E7A-95B8-4CFA-9DFC-21DF5DB9E6D2}.Release|Any CPU.Build.0 = Release|Any CPU
		{11BD54AC-CAC5-4D0C-A86F-B54CAC341982}.Debug|Any CPU.ActiveCfg = Debug|Any CPU
		{11BD54AC-CAC5-4D0C-A86F-B54CAC341982}.Debug|Any CPU.Build.0 = Debug|Any CPU
		{11BD54AC-CAC5-4D0C-A86F-B54CAC341982}.DebugCommandLine|Any CPU.ActiveCfg = Debug|Any CPU
		{11BD54AC-CAC5-4D0C-A86F-B54CAC341982}.DebugCommandLine|Any CPU.Build.0 = Debug|Any CPU
		{11BD54AC-CAC5-4D0C-A86F-B54CAC341982}.Release|Any CPU.ActiveCfg = Release|Any CPU
		{11BD54AC-CAC5-4D0C-A86F-B54CAC341982}.Release|Any CPU.Build.0 = Release|Any CPU
		{69A1DC29-9AF5-47FF-A8D2-0B78F9A7B7D1}.Debug|Any CPU.ActiveCfg = Debug|Any CPU
		{69A1DC29-9AF5-47FF-A8D2-0B78F9A7B7D1}.Debug|Any CPU.Build.0 = Debug|Any CPU
		{69A1DC29-9AF5-47FF-A8D2-0B78F9A7B7D1}.DebugCommandLine|Any CPU.ActiveCfg = Debug|Any CPU
		{69A1DC29-9AF5-47FF-A8D2-0B78F9A7B7D1}.DebugCommandLine|Any CPU.Build.0 = Debug|Any CPU
		{69A1DC29-9AF5-47FF-A8D2-0B78F9A7B7D1}.Release|Any CPU.ActiveCfg = Release|Any CPU
		{69A1DC29-9AF5-47FF-A8D2-0B78F9A7B7D1}.Release|Any CPU.Build.0 = Release|Any CPU
		{8A68E09C-B9F4-420D-9420-69DBBC8E655A}.Debug|Any CPU.ActiveCfg = Debug|Any CPU
		{8A68E09C-B9F4-420D-9420-69DBBC8E655A}.Debug|Any CPU.Build.0 = Debug|Any CPU
		{8A68E09C-B9F4-420D-9420-69DBBC8E655A}.DebugCommandLine|Any CPU.ActiveCfg = Debug|Any CPU
		{8A68E09C-B9F4-420D-9420-69DBBC8E655A}.DebugCommandLine|Any CPU.Build.0 = Debug|Any CPU
		{8A68E09C-B9F4-420D-9420-69DBBC8E655A}.Release|Any CPU.ActiveCfg = Release|Any CPU
		{8A68E09C-B9F4-420D-9420-69DBBC8E655A}.Release|Any CPU.Build.0 = Release|Any CPU
		{B99DA2B7-869D-4EC3-9A63-297E0DDCCA50}.Debug|Any CPU.ActiveCfg = Debug|Any CPU
		{B99DA2B7-869D-4EC3-9A63-297E0DDCCA50}.Debug|Any CPU.Build.0 = Debug|Any CPU
		{B99DA2B7-869D-4EC3-9A63-297E0DDCCA50}.DebugCommandLine|Any CPU.ActiveCfg = Debug|Any CPU
		{B99DA2B7-869D-4EC3-9A63-297E0DDCCA50}.DebugCommandLine|Any CPU.Build.0 = Debug|Any CPU
		{B99DA2B7-869D-4EC3-9A63-297E0DDCCA50}.Release|Any CPU.ActiveCfg = Release|Any CPU
		{B99DA2B7-869D-4EC3-9A63-297E0DDCCA50}.Release|Any CPU.Build.0 = Release|Any CPU
		{EE56FC5E-0FBB-48D1-A796-C5D333CB0893}.Debug|Any CPU.ActiveCfg = Debug|Any CPU
		{EE56FC5E-0FBB-48D1-A796-C5D333CB0893}.Debug|Any CPU.Build.0 = Debug|Any CPU
		{EE56FC5E-0FBB-48D1-A796-C5D333CB0893}.DebugCommandLine|Any CPU.ActiveCfg = Debug|Any CPU
		{EE56FC5E-0FBB-48D1-A796-C5D333CB0893}.DebugCommandLine|Any CPU.Build.0 = Debug|Any CPU
		{EE56FC5E-0FBB-48D1-A796-C5D333CB0893}.Release|Any CPU.ActiveCfg = Release|Any CPU
		{EE56FC5E-0FBB-48D1-A796-C5D333CB0893}.Release|Any CPU.Build.0 = Release|Any CPU
		{6F7D65B9-62FB-40F9-A217-433F16916322}.Debug|Any CPU.ActiveCfg = Debug|Any CPU
		{6F7D65B9-62FB-40F9-A217-433F16916322}.Debug|Any CPU.Build.0 = Debug|Any CPU
		{6F7D65B9-62FB-40F9-A217-433F16916322}.DebugCommandLine|Any CPU.ActiveCfg = Debug|Any CPU
		{6F7D65B9-62FB-40F9-A217-433F16916322}.DebugCommandLine|Any CPU.Build.0 = Debug|Any CPU
		{6F7D65B9-62FB-40F9-A217-433F16916322}.Release|Any CPU.ActiveCfg = Release|Any CPU
		{6F7D65B9-62FB-40F9-A217-433F16916322}.Release|Any CPU.Build.0 = Release|Any CPU
		{8FE6E306-EF67-473C-B0D0-23545B50351A}.Debug|Any CPU.ActiveCfg = Debug|Any CPU
		{8FE6E306-EF67-473C-B0D0-23545B50351A}.Debug|Any CPU.Build.0 = Debug|Any CPU
		{8FE6E306-EF67-473C-B0D0-23545B50351A}.DebugCommandLine|Any CPU.ActiveCfg = Debug|Any CPU
		{8FE6E306-EF67-473C-B0D0-23545B50351A}.DebugCommandLine|Any CPU.Build.0 = Debug|Any CPU
		{8FE6E306-EF67-473C-B0D0-23545B50351A}.Release|Any CPU.ActiveCfg = Release|Any CPU
		{8FE6E306-EF67-473C-B0D0-23545B50351A}.Release|Any CPU.Build.0 = Release|Any CPU
		{9AFB28F3-0D4B-4C89-94E5-3C1113BB6279}.Debug|Any CPU.ActiveCfg = Debug|Any CPU
		{9AFB28F3-0D4B-4C89-94E5-3C1113BB6279}.Debug|Any CPU.Build.0 = Debug|Any CPU
		{9AFB28F3-0D4B-4C89-94E5-3C1113BB6279}.DebugCommandLine|Any CPU.ActiveCfg = Debug|Any CPU
		{9AFB28F3-0D4B-4C89-94E5-3C1113BB6279}.DebugCommandLine|Any CPU.Build.0 = Debug|Any CPU
		{9AFB28F3-0D4B-4C89-94E5-3C1113BB6279}.Release|Any CPU.ActiveCfg = Release|Any CPU
		{9AFB28F3-0D4B-4C89-94E5-3C1113BB6279}.Release|Any CPU.Build.0 = Release|Any CPU
		{89452701-D390-4932-91E9-489EBB33C1D1}.Debug|Any CPU.ActiveCfg = Debug|Any CPU
		{89452701-D390-4932-91E9-489EBB33C1D1}.Debug|Any CPU.Build.0 = Debug|Any CPU
		{89452701-D390-4932-91E9-489EBB33C1D1}.DebugCommandLine|Any CPU.ActiveCfg = Debug|Any CPU
		{89452701-D390-4932-91E9-489EBB33C1D1}.DebugCommandLine|Any CPU.Build.0 = Debug|Any CPU
		{89452701-D390-4932-91E9-489EBB33C1D1}.Release|Any CPU.ActiveCfg = Release|Any CPU
		{89452701-D390-4932-91E9-489EBB33C1D1}.Release|Any CPU.Build.0 = Release|Any CPU
		{9C81B22B-FE6F-4A89-8FB9-D94B5AC4490D}.Debug|Any CPU.ActiveCfg = Debug|Any CPU
		{9C81B22B-FE6F-4A89-8FB9-D94B5AC4490D}.Debug|Any CPU.Build.0 = Debug|Any CPU
		{9C81B22B-FE6F-4A89-8FB9-D94B5AC4490D}.DebugCommandLine|Any CPU.ActiveCfg = Debug|Any CPU
		{9C81B22B-FE6F-4A89-8FB9-D94B5AC4490D}.DebugCommandLine|Any CPU.Build.0 = Debug|Any CPU
		{9C81B22B-FE6F-4A89-8FB9-D94B5AC4490D}.Release|Any CPU.ActiveCfg = Release|Any CPU
		{9C81B22B-FE6F-4A89-8FB9-D94B5AC4490D}.Release|Any CPU.Build.0 = Release|Any CPU
		{1F432FB9-FB8A-40AE-8E6C-C589E181DC58}.Debug|Any CPU.ActiveCfg = Debug|Any CPU
		{1F432FB9-FB8A-40AE-8E6C-C589E181DC58}.Debug|Any CPU.Build.0 = Debug|Any CPU
		{1F432FB9-FB8A-40AE-8E6C-C589E181DC58}.DebugCommandLine|Any CPU.ActiveCfg = Debug|Any CPU
		{1F432FB9-FB8A-40AE-8E6C-C589E181DC58}.DebugCommandLine|Any CPU.Build.0 = Debug|Any CPU
		{1F432FB9-FB8A-40AE-8E6C-C589E181DC58}.Release|Any CPU.ActiveCfg = Release|Any CPU
		{1F432FB9-FB8A-40AE-8E6C-C589E181DC58}.Release|Any CPU.Build.0 = Release|Any CPU
		{4DF7B82C-31D4-44E3-8485-CD68794E9336}.Debug|Any CPU.ActiveCfg = Debug|Any CPU
		{4DF7B82C-31D4-44E3-8485-CD68794E9336}.Debug|Any CPU.Build.0 = Debug|Any CPU
		{4DF7B82C-31D4-44E3-8485-CD68794E9336}.DebugCommandLine|Any CPU.ActiveCfg = Debug|Any CPU
		{4DF7B82C-31D4-44E3-8485-CD68794E9336}.DebugCommandLine|Any CPU.Build.0 = Debug|Any CPU
		{4DF7B82C-31D4-44E3-8485-CD68794E9336}.Release|Any CPU.ActiveCfg = Release|Any CPU
		{4DF7B82C-31D4-44E3-8485-CD68794E9336}.Release|Any CPU.Build.0 = Release|Any CPU
		{FAE9BDC9-A96A-489D-818E-0BA1F1071F73}.Debug|Any CPU.ActiveCfg = Debug|Any CPU
		{FAE9BDC9-A96A-489D-818E-0BA1F1071F73}.Debug|Any CPU.Build.0 = Debug|Any CPU
		{FAE9BDC9-A96A-489D-818E-0BA1F1071F73}.DebugCommandLine|Any CPU.ActiveCfg = Debug|Any CPU
		{FAE9BDC9-A96A-489D-818E-0BA1F1071F73}.DebugCommandLine|Any CPU.Build.0 = Debug|Any CPU
		{FAE9BDC9-A96A-489D-818E-0BA1F1071F73}.Release|Any CPU.ActiveCfg = Release|Any CPU
		{FAE9BDC9-A96A-489D-818E-0BA1F1071F73}.Release|Any CPU.Build.0 = Release|Any CPU
		{0251FE55-80DD-47C5-88DD-055E8C6BAFDC}.Debug|Any CPU.ActiveCfg = Debug|Any CPU
		{0251FE55-80DD-47C5-88DD-055E8C6BAFDC}.Debug|Any CPU.Build.0 = Debug|Any CPU
		{0251FE55-80DD-47C5-88DD-055E8C6BAFDC}.DebugCommandLine|Any CPU.ActiveCfg = Debug|Any CPU
		{0251FE55-80DD-47C5-88DD-055E8C6BAFDC}.DebugCommandLine|Any CPU.Build.0 = Debug|Any CPU
		{0251FE55-80DD-47C5-88DD-055E8C6BAFDC}.Release|Any CPU.ActiveCfg = Release|Any CPU
		{0251FE55-80DD-47C5-88DD-055E8C6BAFDC}.Release|Any CPU.Build.0 = Release|Any CPU
		{D340A1C8-D5CD-4057-AF73-0C9AA7C2B0A6}.Debug|Any CPU.ActiveCfg = Debug|Any CPU
		{D340A1C8-D5CD-4057-AF73-0C9AA7C2B0A6}.Debug|Any CPU.Build.0 = Debug|Any CPU
		{D340A1C8-D5CD-4057-AF73-0C9AA7C2B0A6}.DebugCommandLine|Any CPU.ActiveCfg = Debug|Any CPU
		{D340A1C8-D5CD-4057-AF73-0C9AA7C2B0A6}.DebugCommandLine|Any CPU.Build.0 = Debug|Any CPU
		{D340A1C8-D5CD-4057-AF73-0C9AA7C2B0A6}.Release|Any CPU.ActiveCfg = Release|Any CPU
		{D340A1C8-D5CD-4057-AF73-0C9AA7C2B0A6}.Release|Any CPU.Build.0 = Release|Any CPU
	EndGlobalSection
	GlobalSection(SolutionProperties) = preSolution
		HideSolutionNode = FALSE
	EndGlobalSection
	GlobalSection(NestedProjects) = preSolution
		{C5DD44C1-C210-470E-AABE-81CB561A7200} = {6C9E8FF5-3FAB-4F8A-97EF-51303A914B51}
		{6C9E8FF5-3FAB-4F8A-97EF-51303A914B51} = {C8675840-907B-418A-87BA-22E2F914319C}
		{3E188809-D664-4588-A614-E2744258FB46} = {6C9E8FF5-3FAB-4F8A-97EF-51303A914B51}
		{774A357C-2E0C-4307-9609-103151483EEF} = {6C9E8FF5-3FAB-4F8A-97EF-51303A914B51}
		{D63D579B-9215-4C5B-97DA-C238A9882A52} = {6C9E8FF5-3FAB-4F8A-97EF-51303A914B51}
		{B1EA1E7A-95B8-4CFA-9DFC-21DF5DB9E6D2} = {6C9E8FF5-3FAB-4F8A-97EF-51303A914B51}
		{5F860DA8-45AF-4957-A0D6-529E3DE22005} = {C8675840-907B-418A-87BA-22E2F914319C}
		{11BD54AC-CAC5-4D0C-A86F-B54CAC341982} = {5F860DA8-45AF-4957-A0D6-529E3DE22005}
		{69A1DC29-9AF5-47FF-A8D2-0B78F9A7B7D1} = {5F860DA8-45AF-4957-A0D6-529E3DE22005}
		{8A68E09C-B9F4-420D-9420-69DBBC8E655A} = {5F860DA8-45AF-4957-A0D6-529E3DE22005}
		{B99DA2B7-869D-4EC3-9A63-297E0DDCCA50} = {5F860DA8-45AF-4957-A0D6-529E3DE22005}
		{EE56FC5E-0FBB-48D1-A796-C5D333CB0893} = {5F860DA8-45AF-4957-A0D6-529E3DE22005}
		{9AFB28F3-0D4B-4C89-94E5-3C1113BB6279} = {E061F8AE-F059-4FBB-A958-43CF611DC0CD}
		{E061F8AE-F059-4FBB-A958-43CF611DC0CD} = {C8675840-907B-418A-87BA-22E2F914319C}
		{89452701-D390-4932-91E9-489EBB33C1D1} = {E061F8AE-F059-4FBB-A958-43CF611DC0CD}
		{9C81B22B-FE6F-4A89-8FB9-D94B5AC4490D} = {E061F8AE-F059-4FBB-A958-43CF611DC0CD}
		{1F432FB9-FB8A-40AE-8E6C-C589E181DC58} = {5F860DA8-45AF-4957-A0D6-529E3DE22005}
		{4DF7B82C-31D4-44E3-8485-CD68794E9336} = {F6125108-A3CE-4477-B892-764E81964E92}
		{FAE9BDC9-A96A-489D-818E-0BA1F1071F73} = {F6125108-A3CE-4477-B892-764E81964E92}
		{4C317B71-2F9C-4118-908F-88F84DD35FEF} = {C8675840-907B-418A-87BA-22E2F914319C}
		{D340A1C8-D5CD-4057-AF73-0C9AA7C2B0A6} = {4C317B71-2F9C-4118-908F-88F84DD35FEF}
	EndGlobalSection
	GlobalSection(ExtensibilityGlobals) = postSolution
		SolutionGuid = {5BC8778B-1E8B-47E2-8EAA-BF9215E5F25C}
	EndGlobalSection
EndGlobal
